
Microsoft Visual Studio Solution File, Format Version 12.00
# Visual Studio Version 17
VisualStudioVersion = 17.9.34616.47
MinimumVisualStudioVersion = 10.0.40219.1
Project("{FAE04EC0-301F-11D3-BF4B-00C04F79EFBC}") = "InMemoryCaching", "InMemoryCaching.csproj", "{55A63E17-836B-489D-BC3B-760C47085AAE}"
EndProject
Global
	GlobalSection(SolutionConfigurationPlatforms) = preSolution
		Debug|Any CPU = Debug|Any CPU
		Release|Any CPU = Release|Any CPU
	EndGlobalSection
	GlobalSection(ProjectConfigurationPlatforms) = postSolution
		{55A63E17-836B-489D-BC3B-760C47085AAE}.Debug|Any CPU.ActiveCfg = Debug|Any CPU
		{55A63E17-836B-489D-BC3B-760C47085AAE}.Debug|Any CPU.Build.0 = Debug|Any CPU
		{55A63E17-836B-489D-BC3B-760C47085AAE}.Release|Any CPU.ActiveCfg = Release|Any CPU
		{55A63E17-836B-489D-BC3B-760C47085AAE}.Release|Any CPU.Build.0 = Release|Any CPU
	EndGlobalSection
	GlobalSection(SolutionProperties) = preSolution
		HideSolutionNode = FALSE
	EndGlobalSection
	GlobalSection(ExtensibilityGlobals) = postSolution
		SolutionGuid = {5594962F-D044-44F9-AFBF-62F582D4C53A}
	EndGlobalSection
EndGlobal
